
Microsoft Visual Studio Solution File, Format Version 12.00
# Visual Studio 2013
VisualStudioVersion = 12.0.30110.0
MinimumVisualStudioVersion = 10.0.40219.1
Project("{2150E333-8FDC-42A3-9474-1A3956D46DE8}") = "CodeFirst", "CodeFirst", "{6649AC16-7C5E-415E-81EA-502EB09318F6}"
EndProject
Project("{2150E333-8FDC-42A3-9474-1A3956D46DE8}") = "TestFirst", "TestFirst", "{3B9EB57C-DCEB-4185-A77A-386E6CA8386B}"
EndProject
Project("{2150E333-8FDC-42A3-9474-1A3956D46DE8}") = "TDD", "TDD", "{6D864DB6-5506-4E85-AC2C-3DA7090B49FD}"
EndProject
Project("{FAE04EC0-301F-11D3-BF4B-00C04F79EFBC}") = "CFTFTDD.CF.WEB", "CFTFTDD.CF.WEB\CFTFTDD.CF.WEB.csproj", "{C8B1731F-6BDE-4518-B339-040320EE3EA3}"
EndProject
Project("{FAE04EC0-301F-11D3-BF4B-00C04F79EFBC}") = "CFTFTDD.WEB.TEST", "CFTFTDD.WEB.TEST\CFTFTDD.WEB.TEST.csproj", "{86F845BB-0785-497D-8EE0-90D153B1156D}"
EndProject
Project("{FAE04EC0-301F-11D3-BF4B-00C04F79EFBC}") = "CFTFTDD.CORE.TEST", "CFTFTDD.CORE.TEST\CFTFTDD.CORE.TEST.csproj", "{A7E1B30D-4A7C-4C3C-BDCE-BFE0AA548A96}"
EndProject
Global
	GlobalSection(SolutionConfigurationPlatforms) = preSolution
		Debug|Any CPU = Debug|Any CPU
		Release|Any CPU = Release|Any CPU
	EndGlobalSection
	GlobalSection(ProjectConfigurationPlatforms) = postSolution
		{C8B1731F-6BDE-4518-B339-040320EE3EA3}.Debug|Any CPU.ActiveCfg = Debug|Any CPU
		{C8B1731F-6BDE-4518-B339-040320EE3EA3}.Debug|Any CPU.Build.0 = Debug|Any CPU
		{C8B1731F-6BDE-4518-B339-040320EE3EA3}.Release|Any CPU.ActiveCfg = Release|Any CPU
		{C8B1731F-6BDE-4518-B339-040320EE3EA3}.Release|Any CPU.Build.0 = Release|Any CPU
		{86F845BB-0785-497D-8EE0-90D153B1156D}.Debug|Any CPU.ActiveCfg = Debug|Any CPU
		{86F845BB-0785-497D-8EE0-90D153B1156D}.Debug|Any CPU.Build.0 = Debug|Any CPU
		{86F845BB-0785-497D-8EE0-90D153B1156D}.Release|Any CPU.ActiveCfg = Release|Any CPU
		{86F845BB-0785-497D-8EE0-90D153B1156D}.Release|Any CPU.Build.0 = Release|Any CPU
		{A7E1B30D-4A7C-4C3C-BDCE-BFE0AA548A96}.Debug|Any CPU.ActiveCfg = Debug|Any CPU
		{A7E1B30D-4A7C-4C3C-BDCE-BFE0AA548A96}.Debug|Any CPU.Build.0 = Debug|Any CPU
		{A7E1B30D-4A7C-4C3C-BDCE-BFE0AA548A96}.Release|Any CPU.ActiveCfg = Release|Any CPU
		{A7E1B30D-4A7C-4C3C-BDCE-BFE0AA548A96}.Release|Any CPU.Build.0 = Release|Any CPU
	EndGlobalSection
	GlobalSection(SolutionProperties) = preSolution
		HideSolutionNode = FALSE
	EndGlobalSection
	GlobalSection(NestedProjects) = preSolution
		{C8B1731F-6BDE-4518-B339-040320EE3EA3} = {6649AC16-7C5E-415E-81EA-502EB09318F6}
		{86F845BB-0785-497D-8EE0-90D153B1156D} = {3B9EB57C-DCEB-4185-A77A-386E6CA8386B}
		{A7E1B30D-4A7C-4C3C-BDCE-BFE0AA548A96} = {6D864DB6-5506-4E85-AC2C-3DA7090B49FD}
	EndGlobalSection
EndGlobal
